
Microsoft Visual Studio Solution File, Format Version 12.00
# Visual Studio Version 16
VisualStudioVersion = 16.0.29123.88
MinimumVisualStudioVersion = 10.0.40219.1
Project("{FAE04EC0-301F-11D3-BF4B-00C04F79EFBC}") = "Assinment7GussmyNumber", "Assinment7GussmyNumber.csproj", "{7D36C337-1195-4C7E-A12B-9EA8A9D0D55D}"
EndProject
Global
	GlobalSection(SolutionConfigurationPlatforms) = preSolution
		Debug|Any CPU = Debug|Any CPU
		Release|Any CPU = Release|Any CPU
	EndGlobalSection
	GlobalSection(ProjectConfigurationPlatforms) = postSolution
		{7D36C337-1195-4C7E-A12B-9EA8A9D0D55D}.Debug|Any CPU.ActiveCfg = Debug|Any CPU
		{7D36C337-1195-4C7E-A12B-9EA8A9D0D55D}.Debug|Any CPU.Build.0 = Debug|Any CPU
		{7D36C337-1195-4C7E-A12B-9EA8A9D0D55D}.Release|Any CPU.ActiveCfg = Release|Any CPU
		{7D36C337-1195-4C7E-A12B-9EA8A9D0D55D}.Release|Any CPU.Build.0 = Release|Any CPU
	EndGlobalSection
	GlobalSection(SolutionProperties) = preSolution
		HideSolutionNode = FALSE
	EndGlobalSection
	GlobalSection(ExtensibilityGlobals) = postSolution
		SolutionGuid = {19C8137D-DEE5-4B95-B001-FF1CDED2CE59}
	EndGlobalSection
EndGlobal
